
Microsoft Visual Studio Solution File, Format Version 11.00
# Visual Studio 2010
Project("{FAE04EC0-301F-11D3-BF4B-00C04F79EFBC}") = "SemaphoreSlimTest", "ThreadTest\SemaphoreSlimTest.csproj", "{03BACD58-D823-43CE-9421-BFFF821C2884}"
EndProject
Project("{FAE04EC0-301F-11D3-BF4B-00C04F79EFBC}") = "AutoResetEvent", "AutoResetEvent\AutoResetEvent.csproj", "{D01E36BE-764D-4DFD-B770-4EEDCDCCAD49}"
EndProject
Global
	GlobalSection(SolutionConfigurationPlatforms) = preSolution
		Debug|x86 = Debug|x86
		Release|x86 = Release|x86
	EndGlobalSection
	GlobalSection(ProjectConfigurationPlatforms) = postSolution
		{03BACD58-D823-43CE-9421-BFFF821C2884}.Debug|x86.ActiveCfg = Debug|x86
		{03BACD58-D823-43CE-9421-BFFF821C2884}.Debug|x86.Build.0 = Debug|x86
		{03BACD58-D823-43CE-9421-BFFF821C2884}.Release|x86.ActiveCfg = Release|x86
		{03BACD58-D823-43CE-9421-BFFF821C2884}.Release|x86.Build.0 = Release|x86
		{D01E36BE-764D-4DFD-B770-4EEDCDCCAD49}.Debug|x86.ActiveCfg = Debug|x86
		{D01E36BE-764D-4DFD-B770-4EEDCDCCAD49}.Debug|x86.Build.0 = Debug|x86
		{D01E36BE-764D-4DFD-B770-4EEDCDCCAD49}.Release|x86.ActiveCfg = Release|x86
		{D01E36BE-764D-4DFD-B770-4EEDCDCCAD49}.Release|x86.Build.0 = Release|x86
	EndGlobalSection
	GlobalSection(SolutionProperties) = preSolution
		HideSolutionNode = FALSE
	EndGlobalSection
EndGlobal
